
Microsoft Visual Studio Solution File, Format Version 12.00
# Visual Studio Version 17
VisualStudioVersion = 17.3.32811.315
MinimumVisualStudioVersion = 10.0.40219.1
Project("{FAE04EC0-301F-11D3-BF4B-00C04F79EFBC}") = "SE3000WebServerTechSpike", "SE3000WebServerTechSpike\SE3000WebServerTechSpike.csproj", "{A1E4DE38-001B-41DE-AB71-EF13C491E2B8}"
EndProject
Global
	GlobalSection(SolutionConfigurationPlatforms) = preSolution
		Debug|Any CPU = Debug|Any CPU
		Release|Any CPU = Release|Any CPU
	EndGlobalSection
	GlobalSection(ProjectConfigurationPlatforms) = postSolution
		{A1E4DE38-001B-41DE-AB71-EF13C491E2B8}.Debug|Any CPU.ActiveCfg = Debug|Any CPU
		{A1E4DE38-001B-41DE-AB71-EF13C491E2B8}.Debug|Any CPU.Build.0 = Debug|Any CPU
		{A1E4DE38-001B-41DE-AB71-EF13C491E2B8}.Release|Any CPU.ActiveCfg = Release|Any CPU
		{A1E4DE38-001B-41DE-AB71-EF13C491E2B8}.Release|Any CPU.Build.0 = Release|Any CPU
	EndGlobalSection
	GlobalSection(SolutionProperties) = preSolution
		HideSolutionNode = FALSE
	EndGlobalSection
	GlobalSection(ExtensibilityGlobals) = postSolution
		SolutionGuid = {9854CFB8-1729-4CEF-9407-E1DEE0F07052}
	EndGlobalSection
EndGlobal
